
Microsoft Visual Studio Solution File, Format Version 12.00
# Visual Studio Version 17
VisualStudioVersion = 17.0.31912.275
MinimumVisualStudioVersion = 10.0.40219.1
Project("{9A19103F-16F7-4668-BE54-9A1E7A4F7556}") = "SerialManager", "SerialManager\SerialManager.csproj", "{F8B6F182-CD62-40C6-91DD-225402233A34}"
EndProject
Project("{9A19103F-16F7-4668-BE54-9A1E7A4F7556}") = "Models", "Models\Models.csproj", "{37898FCA-B2CF-4A12-8D2E-B2BB51058212}"
EndProject
Project("{FAE04EC0-301F-11D3-BF4B-00C04F79EFBC}") = "SerialManagerTester", "SerialManagerTester\SerialManagerTester.csproj", "{A213F05C-6CE9-42C2-9B82-D2842BF73A60}"
EndProject
Project("{9A19103F-16F7-4668-BE54-9A1E7A4F7556}") = "NonProtocol", "NonProtocol\NonProtocol.csproj", "{14D46097-95EF-4FE1-AB4B-2F0BDFA073E8}"
EndProject
Project("{FAE04EC0-301F-11D3-BF4B-00C04F79EFBC}") = "CarChecker", "CarChecker\CarChecker.csproj", "{BAEFF4B7-3EBF-4D6A-A90C-7A30979CC949}"
EndProject
Project("{9A19103F-16F7-4668-BE54-9A1E7A4F7556}") = "PacketDecoder", "PacketDecoder\PacketDecoder.csproj", "{956753DD-64C7-40A6-A45F-6BB76E52FB11}"
EndProject
Project("{FAE04EC0-301F-11D3-BF4B-00C04F79EFBC}") = "AutoSizeManager", "AutoSizeManager\AutoSizeManager.csproj", "{4B0F3CFA-A494-4796-8B55-051FBCB38058}"
EndProject
Project("{FAE04EC0-301F-11D3-BF4B-00C04F79EFBC}") = "SqlSugarTester", "SqlSugarTester\SqlSugarTester.csproj", "{19BECA9C-489A-45B1-9242-2B2394AB3D79}"
EndProject
Global
	GlobalSection(SolutionConfigurationPlatforms) = preSolution
		Debug|Any CPU = Debug|Any CPU
		Debug|x86 = Debug|x86
		Release|Any CPU = Release|Any CPU
		Release|x86 = Release|x86
	EndGlobalSection
	GlobalSection(ProjectConfigurationPlatforms) = postSolution
		{F8B6F182-CD62-40C6-91DD-225402233A34}.Debug|Any CPU.ActiveCfg = Debug|Any CPU
		{F8B6F182-CD62-40C6-91DD-225402233A34}.Debug|Any CPU.Build.0 = Debug|Any CPU
		{F8B6F182-CD62-40C6-91DD-225402233A34}.Debug|x86.ActiveCfg = Debug|Any CPU
		{F8B6F182-CD62-40C6-91DD-225402233A34}.Debug|x86.Build.0 = Debug|Any CPU
		{F8B6F182-CD62-40C6-91DD-225402233A34}.Release|Any CPU.ActiveCfg = Release|Any CPU
		{F8B6F182-CD62-40C6-91DD-225402233A34}.Release|Any CPU.Build.0 = Release|Any CPU
		{F8B6F182-CD62-40C6-91DD-225402233A34}.Release|x86.ActiveCfg = Release|Any CPU
		{F8B6F182-CD62-40C6-91DD-225402233A34}.Release|x86.Build.0 = Release|Any CPU
		{37898FCA-B2CF-4A12-8D2E-B2BB51058212}.Debug|Any CPU.ActiveCfg = Debug|Any CPU
		{37898FCA-B2CF-4A12-8D2E-B2BB51058212}.Debug|Any CPU.Build.0 = Debug|Any CPU
		{37898FCA-B2CF-4A12-8D2E-B2BB51058212}.Debug|x86.ActiveCfg = Debug|Any CPU
		{37898FCA-B2CF-4A12-8D2E-B2BB51058212}.Debug|x86.Build.0 = Debug|Any CPU
		{37898FCA-B2CF-4A12-8D2E-B2BB51058212}.Release|Any CPU.ActiveCfg = Release|Any CPU
		{37898FCA-B2CF-4A12-8D2E-B2BB51058212}.Release|Any CPU.Build.0 = Release|Any CPU
		{37898FCA-B2CF-4A12-8D2E-B2BB51058212}.Release|x86.ActiveCfg = Release|Any CPU
		{37898FCA-B2CF-4A12-8D2E-B2BB51058212}.Release|x86.Build.0 = Release|Any CPU
		{A213F05C-6CE9-42C2-9B82-D2842BF73A60}.Debug|Any CPU.ActiveCfg = Debug|Any CPU
		{A213F05C-6CE9-42C2-9B82-D2842BF73A60}.Debug|Any CPU.Build.0 = Debug|Any CPU
		{A213F05C-6CE9-42C2-9B82-D2842BF73A60}.Debug|x86.ActiveCfg = Debug|Any CPU
		{A213F05C-6CE9-42C2-9B82-D2842BF73A60}.Debug|x86.Build.0 = Debug|Any CPU
		{A213F05C-6CE9-42C2-9B82-D2842BF73A60}.Release|Any CPU.ActiveCfg = Release|Any CPU
		{A213F05C-6CE9-42C2-9B82-D2842BF73A60}.Release|Any CPU.Build.0 = Release|Any CPU
		{A213F05C-6CE9-42C2-9B82-D2842BF73A60}.Release|x86.ActiveCfg = Release|Any CPU
		{A213F05C-6CE9-42C2-9B82-D2842BF73A60}.Release|x86.Build.0 = Release|Any CPU
		{14D46097-95EF-4FE1-AB4B-2F0BDFA073E8}.Debug|Any CPU.ActiveCfg = Debug|Any CPU
		{14D46097-95EF-4FE1-AB4B-2F0BDFA073E8}.Debug|Any CPU.Build.0 = Debug|Any CPU
		{14D46097-95EF-4FE1-AB4B-2F0BDFA073E8}.Debug|x86.ActiveCfg = Debug|Any CPU
		{14D46097-95EF-4FE1-AB4B-2F0BDFA073E8}.Debug|x86.Build.0 = Debug|Any CPU
		{14D46097-95EF-4FE1-AB4B-2F0BDFA073E8}.Release|Any CPU.ActiveCfg = Release|Any CPU
		{14D46097-95EF-4FE1-AB4B-2F0BDFA073E8}.Release|Any CPU.Build.0 = Release|Any CPU
		{14D46097-95EF-4FE1-AB4B-2F0BDFA073E8}.Release|x86.ActiveCfg = Release|Any CPU
		{14D46097-95EF-4FE1-AB4B-2F0BDFA073E8}.Release|x86.Build.0 = Release|Any CPU
		{BAEFF4B7-3EBF-4D6A-A90C-7A30979CC949}.Debug|Any CPU.ActiveCfg = Debug|Any CPU
		{BAEFF4B7-3EBF-4D6A-A90C-7A30979CC949}.Debug|Any CPU.Build.0 = Debug|Any CPU
		{BAEFF4B7-3EBF-4D6A-A90C-7A30979CC949}.Debug|x86.ActiveCfg = Debug|x86
		{BAEFF4B7-3EBF-4D6A-A90C-7A30979CC949}.Debug|x86.Build.0 = Debug|x86
		{BAEFF4B7-3EBF-4D6A-A90C-7A30979CC949}.Release|Any CPU.ActiveCfg = Release|Any CPU
		{BAEFF4B7-3EBF-4D6A-A90C-7A30979CC949}.Release|Any CPU.Build.0 = Release|Any CPU
		{BAEFF4B7-3EBF-4D6A-A90C-7A30979CC949}.Release|x86.ActiveCfg = Release|x86
		{BAEFF4B7-3EBF-4D6A-A90C-7A30979CC949}.Release|x86.Build.0 = Release|x86
		{956753DD-64C7-40A6-A45F-6BB76E52FB11}.Debug|Any CPU.ActiveCfg = Debug|Any CPU
		{956753DD-64C7-40A6-A45F-6BB76E52FB11}.Debug|Any CPU.Build.0 = Debug|Any CPU
		{956753DD-64C7-40A6-A45F-6BB76E52FB11}.Debug|x86.ActiveCfg = Debug|Any CPU
		{956753DD-64C7-40A6-A45F-6BB76E52FB11}.Debug|x86.Build.0 = Debug|Any CPU
		{956753DD-64C7-40A6-A45F-6BB76E52FB11}.Release|Any CPU.ActiveCfg = Release|Any CPU
		{956753DD-64C7-40A6-A45F-6BB76E52FB11}.Release|Any CPU.Build.0 = Release|Any CPU
		{956753DD-64C7-40A6-A45F-6BB76E52FB11}.Release|x86.ActiveCfg = Release|Any CPU
		{956753DD-64C7-40A6-A45F-6BB76E52FB11}.Release|x86.Build.0 = Release|Any CPU
		{4B0F3CFA-A494-4796-8B55-051FBCB38058}.Debug|Any CPU.ActiveCfg = Debug|Any CPU
		{4B0F3CFA-A494-4796-8B55-051FBCB38058}.Debug|Any CPU.Build.0 = Debug|Any CPU
		{4B0F3CFA-A494-4796-8B55-051FBCB38058}.Debug|x86.ActiveCfg = Debug|Any CPU
		{4B0F3CFA-A494-4796-8B55-051FBCB38058}.Debug|x86.Build.0 = Debug|Any CPU
		{4B0F3CFA-A494-4796-8B55-051FBCB38058}.Release|Any CPU.ActiveCfg = Release|Any CPU
		{4B0F3CFA-A494-4796-8B55-051FBCB38058}.Release|Any CPU.Build.0 = Release|Any CPU
		{4B0F3CFA-A494-4796-8B55-051FBCB38058}.Release|x86.ActiveCfg = Release|Any CPU
		{4B0F3CFA-A494-4796-8B55-051FBCB38058}.Release|x86.Build.0 = Release|Any CPU
		{19BECA9C-489A-45B1-9242-2B2394AB3D79}.Debug|Any CPU.ActiveCfg = Debug|Any CPU
		{19BECA9C-489A-45B1-9242-2B2394AB3D79}.Debug|Any CPU.Build.0 = Debug|Any CPU
		{19BECA9C-489A-45B1-9242-2B2394AB3D79}.Debug|x86.ActiveCfg = Debug|Any CPU
		{19BECA9C-489A-45B1-9242-2B2394AB3D79}.Debug|x86.Build.0 = Debug|Any CPU
		{19BECA9C-489A-45B1-9242-2B2394AB3D79}.Release|Any CPU.ActiveCfg = Release|Any CPU
		{19BECA9C-489A-45B1-9242-2B2394AB3D79}.Release|Any CPU.Build.0 = Release|Any CPU
		{19BECA9C-489A-45B1-9242-2B2394AB3D79}.Release|x86.ActiveCfg = Release|Any CPU
		{19BECA9C-489A-45B1-9242-2B2394AB3D79}.Release|x86.Build.0 = Release|Any CPU
	EndGlobalSection
	GlobalSection(SolutionProperties) = preSolution
		HideSolutionNode = FALSE
	EndGlobalSection
	GlobalSection(ExtensibilityGlobals) = postSolution
		SolutionGuid = {B33D0063-BDFC-4B23-BCEE-7BD93DA84D0E}
	EndGlobalSection
EndGlobal
